
Microsoft Visual Studio Solution File, Format Version 12.00
# Visual Studio 15
VisualStudioVersion = 15.0.27703.2000
MinimumVisualStudioVersion = 10.0.40219.1
Project("{FAE04EC0-301F-11D3-BF4B-00C04F79EFBC}") = "WebApplication3", "WebApplication3\WebApplication3.csproj", "{DEB3A6EF-DF80-4A13-B1C0-218BA129ED98}"
EndProject
Project("{FAE04EC0-301F-11D3-BF4B-00C04F79EFBC}") = "Webhook", "Webhook\Webhook.csproj", "{C068D3EF-0190-42AB-B2C5-72F78498955D}"
EndProject
Global
	GlobalSection(SolutionConfigurationPlatforms) = preSolution
		Debug|Any CPU = Debug|Any CPU
		Release|Any CPU = Release|Any CPU
	EndGlobalSection
	GlobalSection(ProjectConfigurationPlatforms) = postSolution
		{DEB3A6EF-DF80-4A13-B1C0-218BA129ED98}.Debug|Any CPU.ActiveCfg = Debug|Any CPU
		{DEB3A6EF-DF80-4A13-B1C0-218BA129ED98}.Debug|Any CPU.Build.0 = Debug|Any CPU
		{DEB3A6EF-DF80-4A13-B1C0-218BA129ED98}.Release|Any CPU.ActiveCfg = Release|Any CPU
		{DEB3A6EF-DF80-4A13-B1C0-218BA129ED98}.Release|Any CPU.Build.0 = Release|Any CPU
		{C068D3EF-0190-42AB-B2C5-72F78498955D}.Debug|Any CPU.ActiveCfg = Debug|Any CPU
		{C068D3EF-0190-42AB-B2C5-72F78498955D}.Debug|Any CPU.Build.0 = Debug|Any CPU
		{C068D3EF-0190-42AB-B2C5-72F78498955D}.Release|Any CPU.ActiveCfg = Release|Any CPU
		{C068D3EF-0190-42AB-B2C5-72F78498955D}.Release|Any CPU.Build.0 = Release|Any CPU
	EndGlobalSection
	GlobalSection(SolutionProperties) = preSolution
		HideSolutionNode = FALSE
	EndGlobalSection
	GlobalSection(ExtensibilityGlobals) = postSolution
		SolutionGuid = {331E00E2-5466-4111-A1B2-763689C013EE}
	EndGlobalSection
EndGlobal
